
Microsoft Visual Studio Solution File, Format Version 12.00
# Visual Studio Version 17
VisualStudioVersion = 17.8.34330.188
MinimumVisualStudioVersion = 10.0.40219.1
Project("{FAE04EC0-301F-11D3-BF4B-00C04F79EFBC}") = "EmprestimoLivros", "EmprestimoLivros\EmprestimoLivros.csproj", "{4BE5B8CF-6F3B-46FC-B148-4551F35ABB98}"
EndProject
Global
	GlobalSection(SolutionConfigurationPlatforms) = preSolution
		Debug|Any CPU = Debug|Any CPU
		Release|Any CPU = Release|Any CPU
	EndGlobalSection
	GlobalSection(ProjectConfigurationPlatforms) = postSolution
		{4BE5B8CF-6F3B-46FC-B148-4551F35ABB98}.Debug|Any CPU.ActiveCfg = Debug|Any CPU
		{4BE5B8CF-6F3B-46FC-B148-4551F35ABB98}.Debug|Any CPU.Build.0 = Debug|Any CPU
		{4BE5B8CF-6F3B-46FC-B148-4551F35ABB98}.Release|Any CPU.ActiveCfg = Release|Any CPU
		{4BE5B8CF-6F3B-46FC-B148-4551F35ABB98}.Release|Any CPU.Build.0 = Release|Any CPU
	EndGlobalSection
	GlobalSection(SolutionProperties) = preSolution
		HideSolutionNode = FALSE
	EndGlobalSection
	GlobalSection(ExtensibilityGlobals) = postSolution
		SolutionGuid = {5D895E24-03E0-455C-8E6E-D4121CF788D0}
	EndGlobalSection
EndGlobal
